// !$*UTF8*$!
{
	archiveVersion = 1;
	classes = {
	};
	objectVersion = 46;
	objects = {

/* Begin PBXBuildFile section */
		1192F3321DEB4927002EE4E2 /* AppDelegate.swift in Sources */ = {isa = PBXBuildFile; fileRef = 1192F3311DEB4927002EE4E2 /* AppDelegate.swift */; };
		1192F3341DEB4927002EE4E2 /* ViewController.swift in Sources */ = {isa = PBXBuildFile; fileRef = 1192F3331DEB4927002EE4E2 /* ViewController.swift */; };
		1192F3371DEB4927002EE4E2 /* Main.storyboard in Resources */ = {isa = PBXBuildFile; fileRef = 1192F3351DEB4927002EE4E2 /* Main.storyboard */; };
		1192F3391DEB4927002EE4E2 /* Assets.xcassets in Resources */ = {isa = PBXBuildFile; fileRef = 1192F3381DEB4927002EE4E2 /* Assets.xcassets */; };
		1192F33C1DEB4927002EE4E2 /* LaunchScreen.storyboard in Resources */ = {isa = PBXBuildFile; fileRef = 1192F33A1DEB4927002EE4E2 /* LaunchScreen.storyboard */; };
		1192F3441DEB5016002EE4E2 /* WeatherAPI.swift in Sources */ = {isa = PBXBuildFile; fileRef = 1192F3431DEB5016002EE4E2 /* WeatherAPI.swift */; };
		E1CD51257B9F8C968D56915A /* Pods_WeatherApp.framework in Frameworks */ = {isa = PBXBuildFile; fileRef = D0BBBC7E105A0F7C277E1F99 /* Pods_WeatherApp.framework */; };
/* End PBXBuildFile section */

/* Begin PBXFileReference section */
		1192F32E1DEB4927002EE4E2 /* WeatherApp.app */ = {isa = PBXFileReference; explicitFileType = wrapper.application; includeInIndex = 0; path = WeatherApp.app; sourceTree = BUILT_PRODUCTS_DIR; };
		1192F3311DEB4927002EE4E2 /* AppDelegate.swift */ = {isa = PBXFileReference; lastKnownFileType = sourcecode.swift; path = AppDelegate.swift; sourceTree = "<group>"; };
		1192F3331DEB4927002EE4E2 /* ViewController.swift */ = {isa = PBXFileReference; lastKnownFileType = sourcecode.swift; path = ViewController.swift; sourceTree = "<group>"; };
		1192F3361DEB4927002EE4E2 /* Base */ = {isa = PBXFileReference; lastKnownFileType = file.storyboard; name = Base; path = Base.lproj/Main.storyboard; sourceTree = "<group>"; };
		1192F3381DEB4927002EE4E2 /* Assets.xcassets */ = {isa = PBXFileReference; lastKnownFileType = folder.assetcatalog; path = Assets.xcassets; sourceTree = "<group>"; };
		1192F33B1DEB4927002EE4E2 /* Base */ = {isa = PBXFileReference; lastKnownFileType = file.storyboard; name = Base; path = Base.lproj/LaunchScreen.storyboard; sourceTree = "<group>"; };
		1192F33D1DEB4927002EE4E2 /* Info.plist */ = {isa = PBXFileReference; lastKnownFileType = text.plist.xml; path = Info.plist; sourceTree = "<group>"; };
		1192F3431DEB5016002EE4E2 /* WeatherAPI.swift */ = {isa = PBXFileReference; fileEncoding = 4; lastKnownFileType = sourcecode.swift; path = WeatherAPI.swift; sourceTree = "<group>"; };
		C29647DAA8DCB4F5C6D590AF /* Pods-WeatherApp.debug.xcconfig */ = {isa = PBXFileReference; includeInIndex = 1; lastKnownFileType = text.xcconfig; name = "Pods-WeatherApp.debug.xcconfig"; path = "Pods/Target Support Files/Pods-WeatherApp/Pods-WeatherApp.debug.xcconfig"; sourceTree = "<group>"; };
		C3EA0A5B4A3EA6383D90D16E /* Pods-WeatherApp.release.xcconfig */ = {isa = PBXFileReference; includeInIndex = 1; lastKnownFileType = text.xcconfig; name = "Pods-WeatherApp.release.xcconfig"; path = "Pods/Target Support Files/Pods-WeatherApp/Pods-WeatherApp.release.xcconfig"; sourceTree = "<group>"; };
		D0BBBC7E105A0F7C277E1F99 /* Pods_WeatherApp.framework */ = {isa = PBXFileReference; explicitFileType = wrapper.framework; includeInIndex = 0; path = Pods_WeatherApp.framework; sourceTree = BUILT_PRODUCTS_DIR; };
/* End PBXFileReference section */

/* Begin PBXFrameworksBuildPhase section */
		1192F32B1DEB4926002EE4E2 /* Frameworks */ = {
			isa = PBXFrameworksBuildPhase;
			buildActionMask = 2147483647;
			files = (
				E1CD51257B9F8C968D56915A /* Pods_WeatherApp.framework in Frameworks */,
			);
			runOnlyForDeploymentPostprocessing = 0;
		};
/* End PBXFrameworksBuildPhase section */

/* Begin PBXGroup section */
		1192F3251DEB4926002EE4E2 = {
			isa = PBXGroup;
			children = (
				1192F3301DEB4927002EE4E2 /* WeatherApp */,
				1192F32F1DEB4927002EE4E2 /* Products */,
				7880E098D22BC12AA0F29F17 /* Pods */,
				B31DE313AAA29365CEC8670F /* Frameworks */,
			);
			sourceTree = "<group>";
		};
		1192F32F1DEB4927002EE4E2 /* Products */ = {
			isa = PBXGroup;
			children = (
				1192F32E1DEB4927002EE4E2 /* WeatherApp.app */,
			);
			name = Products;
			sourceTree = "<group>";
		};
		1192F3301DEB4927002EE4E2 /* WeatherApp */ = {
			isa = PBXGroup;
			children = (
				1192F3311DEB4927002EE4E2 /* AppDelegate.swift */,
				1192F3331DEB4927002EE4E2 /* ViewController.swift */,
				1192F3431DEB5016002EE4E2 /* WeatherAPI.swift */,
				1192F3351DEB4927002EE4E2 /* Main.storyboard */,
				1192F3381DEB4927002EE4E2 /* Assets.xcassets */,
				1192F33A1DEB4927002EE4E2 /* LaunchScreen.storyboard */,
				1192F33D1DEB4927002EE4E2 /* Info.plist */,
			);
			path = WeatherApp;
			sourceTree = "<group>";
		};
		7880E098D22BC12AA0F29F17 /* Pods */ = {
			isa = PBXGroup;
			children = (
				C29647DAA8DCB4F5C6D590AF /* Pods-WeatherApp.debug.xcconfig */,
				C3EA0A5B4A3EA6383D90D16E /* Pods-WeatherApp.release.xcconfig */,
			);
			name = Pods;
			sourceTree = "<group>";
		};
		B31DE313AAA29365CEC8670F /* Frameworks */ = {
			isa = PBXGroup;
			children = (
				D0BBBC7E105A0F7C277E1F99 /* Pods_WeatherApp.framework */,
			);
			name = Frameworks;
			sourceTree = "<group>";
		};
/* End PBXGroup section */

/* Begin PBXNativeTarget section */
		1192F32D1DEB4926002EE4E2 /* WeatherApp */ = {
			isa = PBXNativeTarget;
			buildConfigurationList = 1192F3401DEB4927002EE4E2 /* Build configuration list for PBXNativeTarget "WeatherApp" */;
			buildPhases = (
				DE7973944C3E8529E0016432 /* [CP] Check Pods Manifest.lock */,
				1192F32A1DEB4926002EE4E2 /* Sources */,
				1192F32B1DEB4926002EE4E2 /* Frameworks */,
				1192F32C1DEB4926002EE4E2 /* Resources */,
				6DD3275720E6CF72DA4B49B7 /* [CP] Embed Pods Frameworks */,
				EA2D7DE97D345BC13465B0F1 /* [CP] Copy Pods Resources */,
			);
			buildRules = (
			);
			dependencies = (
			);
			name = WeatherApp;
			productName = WeatherApp;
			productReference = 1192F32E1DEB4927002EE4E2 /* WeatherApp.app */;
			productType = "com.apple.product-type.application";
		};
/* End PBXNativeTarget section */

/* Begin PBXProject section */
		1192F3261DEB4926002EE4E2 /* Project object */ = {
			isa = PBXProject;
			attributes = {
				LastSwiftUpdateCheck = 0810;
				LastUpgradeCheck = 0810;
				ORGANIZATIONNAME = "Laticia Chance";
				TargetAttributes = {
					1192F32D1DEB4926002EE4E2 = {
						CreatedOnToolsVersion = 8.1;
						DevelopmentTeam = TDFXWLD7DJ;
						LastSwiftMigration = 0810;
						ProvisioningStyle = Automatic;
					};
				};
			};
			buildConfigurationList = 1192F3291DEB4926002EE4E2 /* Build configuration list for PBXProject "WeatherApp" */;
			compatibilityVersion = "Xcode 3.2";
			developmentRegion = English;
			hasScannedForEncodings = 0;
			knownRegions = (
				en,
				Base,
			);
			mainGroup = 1192F3251DEB4926002EE4E2;
			productRefGroup = 1192F32F1DEB4927002EE4E2 /* Products */;
			projectDirPath = "";
			projectRoot = "";
			targets = (
				1192F32D1DEB4926002EE4E2 /* WeatherApp */,
			);
		};
/* End PBXProject section */

/* Begin PBXResourcesBuildPhase section */
		1192F32C1DEB4926002EE4E2 /* Resources */ = {
			isa = PBXResourcesBuildPhase;
			buildActionMask = 2147483647;
			files = (
				1192F33C1DEB4927002EE4E2 /* LaunchScreen.storyboard in Resources */,
				1192F3391DEB4927002EE4E2 /* Assets.xcassets in Resources */,
				1192F3371DEB4927002EE4E2 /* Main.storyboard in Resources */,
			);
			runOnlyForDeploymentPostprocessing = 0;
		};
/* End PBXResourcesBuildPhase section */

/* Begin PBXShellScriptBuildPhase section */
		6DD3275720E6CF72DA4B49B7 /* [CP] Embed Pods Frameworks */ = {
			isa = PBXShellScriptBuildPhase;
			buildActionMask = 2147483647;
			files = (
			);
			inputPaths = (
			);
			name = "[CP] Embed Pods Frameworks";
			outputPaths = (
			);
			runOnlyForDeploymentPostprocessing = 0;
			shellPath = /bin/sh;
			shellScript = "\"${SRCROOT}/Pods/Target Support Files/Pods-WeatherApp/Pods-WeatherApp-frameworks.sh\"\n";
			showEnvVarsInLog = 0;
		};
		DE7973944C3E8529E0016432 /* [CP] Check Pods Manifest.lock */ = {
			isa = PBXShellScriptBuildPhase;
			buildActionMask = 2147483647;
			files = (
			);
			inputPaths = (
			);
			name = "[CP] Check Pods Manifest.lock";
			outputPaths = (
			);
			runOnlyForDeploymentPostprocessing = 0;
			shellPath = /bin/sh;
			shellScript = "diff \"${PODS_ROOT}/../Podfile.lock\" \"${PODS_ROOT}/Manifest.lock\" > /dev/null\nif [[ $? != 0 ]] ; then\n    cat << EOM\nerror: The sandbox is not in sync with the Podfile.lock. Run 'pod install' or update your CocoaPods installation.\nEOM\n    exit 1\nfi\n";
			showEnvVarsInLog = 0;
		};
		EA2D7DE97D345BC13465B0F1 /* [CP] Copy Pods Resources */ = {
			isa = PBXShellScriptBuildPhase;
			buildActionMask = 2147483647;
			files = (
			);
			inputPaths = (
			);
			name = "[CP] Copy Pods Resources";
			outputPaths = (
			);
			runOnlyForDeploymentPostprocessing = 0;
			shellPath = /bin/sh;
			shellScript = "\"${SRCROOT}/Pods/Target Support Files/Pods-WeatherApp/Pods-WeatherApp-resources.sh\"\n";
			showEnvVarsInLog = 0;
		};
/* End PBXShellScriptBuildPhase section */

/* Begin PBXSourcesBuildPhase section */
		1192F32A1DEB4926002EE4E2 /* Sources */ = {
			isa = PBXSourcesBuildPhase;
			buildActionMask = 2147483647;
			files = (
				1192F3441DEB5016002EE4E2 /* WeatherAPI.swift in Sources */,
				1192F3341DEB4927002EE4E2 /* ViewController.swift in Sources */,
				1192F3321DEB4927002EE4E2 /* AppDelegate.swift in Sources */,
			);
			runOnlyForDeploymentPostprocessing = 0;
		};
/* End PBXSourcesBuildPhase section */

/* Begin PBXVariantGroup section */
		1192F3351DEB4927002EE4E2 /* Main.storyboard */ = {
			isa = PBXVariantGroup;
			children = (
				1192F3361DEB4927002EE4E2 /* Base */,
			);
			name = Main.storyboard;
			sourceTree = "<group>";
		};
		1192F33A1DEB4927002EE4E2 /* LaunchScreen.storyboard */ = {
			isa = PBXVariantGroup;
			children = (
				1192F33B1DEB4927002EE4E2 /* Base */,
			);
			name = LaunchScreen.storyboard;
			sourceTree = "<group>";
		};
/* End PBXVariantGroup section */

/* Begin XCBuildConfiguration section */
		1192F33E1DEB4927002EE4E2 /* Debug */ = {
			isa = XCBuildConfiguration;
			buildSettings = {
				ALWAYS_SEARCH_USER_PATHS = NO;
				CLANG_ANALYZER_NONNULL = YES;
				CLANG_CXX_LANGUAGE_STANDARD = "gnu++0x";
				CLANG_CXX_LIBRARY = "libc++";
				CLANG_ENABLE_MODULES = YES;
				CLANG_ENABLE_OBJC_ARC = YES;
				CLANG_WARN_BOOL_CONVERSION = YES;
				CLANG_WARN_CONSTANT_CONVERSION = YES;
				CLANG_WARN_DIRECT_OBJC_ISA_USAGE = YES_ERROR;
				CLANG_WARN_DOCUMENTATION_COMMENTS = YES;
				CLANG_WARN_EMPTY_BODY = YES;
				CLANG_WARN_ENUM_CONVERSION = YES;
				CLANG_WARN_INFINITE_RECURSION = YES;
				CLANG_WARN_INT_CONVERSION = YES;
				CLANG_WARN_OBJC_ROOT_CLASS = YES_ERROR;
				CLANG_WARN_SUSPICIOUS_MOVE = YES;
				CLANG_WARN_SUSPICIOUS_MOVES = YES;
				CLANG_WARN_UNREACHABLE_CODE = YES;
				CLANG_WARN__DUPLICATE_METHOD_MATCH = YES;
				"CODE_SIGN_IDENTITY[sdk=iphoneos*]" = "iPhone Developer";
				COPY_PHASE_STRIP = NO;
				DEBUG_INFORMATION_FORMAT = dwarf;
				ENABLE_STRICT_OBJC_MSGSEND = YES;
				ENABLE_TESTABILITY = YES;
				GCC_C_LANGUAGE_STANDARD = gnu99;
				GCC_DYNAMIC_NO_PIC = NO;
				GCC_NO_COMMON_BLOCKS = YES;
				GCC_OPTIMIZATION_LEVEL = 0;
				GCC_PREPROCESSOR_DEFINITIONS = (
					"DEBUG=1",
					"$(inherited)",
				);
				GCC_WARN_64_TO_32_BIT_CONVERSION = YES;
				GCC_WARN_ABOUT_RETURN_TYPE = YES_ERROR;
				GCC_WARN_UNDECLARED_SELECTOR = YES;
				GCC_WARN_UNINITIALIZED_AUTOS = YES_AGGRESSIVE;
				GCC_WARN_UNUSED_FUNCTION = YES;
				GCC_WARN_UNUSED_VARIABLE = YES;
				IPHONEOS_DEPLOYMENT_TARGET = 10.1;
				MTL_ENABLE_DEBUG_INFO = YES;
				ONLY_ACTIVE_ARCH = YES;
				SDKROOT = iphoneos;
				SWIFT_ACTIVE_COMPILATION_CONDITIONS = DEBUG;
				SWIFT_OPTIMIZATION_LEVEL = "-Onone";
				TARGETED_DEVICE_FAMILY = "1,2";
			};
			name = Debug;
		};
		1192F33F1DEB4927002EE4E2 /* Release */ = {
			isa = XCBuildConfiguration;
			buildSettings = {
				ALWAYS_SEARCH_USER_PATHS = NO;
				CLANG_ANALYZER_NONNULL = YES;
				CLANG_CXX_LANGUAGE_STANDARD = "gnu++0x";
				CLANG_CXX_LIBRARY = "libc++";
				CLANG_ENABLE_MODULES = YES;
				CLANG_ENABLE_OBJC_ARC = YES;
				CLANG_WARN_BOOL_CONVERSION = YES;
				CLANG_WARN_CONSTANT_CONVERSION = YES;
				CLANG_WARN_DIRECT_OBJC_ISA_USAGE = YES_ERROR;
				CLANG_WARN_DOCUMENTATION_COMMENTS = YES;
				CLANG_WARN_EMPTY_BODY = YES;
				CLANG_WARN_ENUM_CONVERSION = YES;
				CLANG_WARN_INFINITE_RECURSION = YES;
				CLANG_WARN_INT_CONVERSION = YES;
				CLANG_WARN_OBJC_ROOT_CLASS = YES_ERROR;
				CLANG_WARN_SUSPICIOUS_MOVE = YES;
				CLANG_WARN_SUSPICIOUS_MOVES = YES;
				CLANG_WARN_UNREACHABLE_CODE = YES;
				CLANG_WARN__DUPLICATE_METHOD_MATCH = YES;
				"CODE_SIGN_IDENTITY[sdk=iphoneos*]" = "iPhone Developer";
				COPY_PHASE_STRIP = NO;
				DEBUG_INFORMATION_FORMAT = "dwarf-with-dsym";
				ENABLE_NS_ASSERTIONS = NO;
				ENABLE_STRICT_OBJC_MSGSEND = YES;
				GCC_C_LANGUAGE_STANDARD = gnu99;
				GCC_NO_COMMON_BLOCKS = YES;
				GCC_WARN_64_TO_32_BIT_CONVERSION = YES;
				GCC_WARN_ABOUT_RETURN_TYPE = YES_ERROR;
				GCC_WARN_UNDECLARED_SELECTOR = YES;
				GCC_WARN_UNINITIALIZED_AUTOS = YES_AGGRESSIVE;
				GCC_WARN_UNUSED_FUNCTION = YES;
				GCC_WARN_UNUSED_VARIABLE = YES;
				IPHONEOS_DEPLOYMENT_TARGET = 10.1;
				MTL_ENABLE_DEBUG_INFO = NO;
				SDKROOT = iphoneos;
				SWIFT_OPTIMIZATION_LEVEL = "-Owholemodule";
				TARGETED_DEVICE_FAMILY = "1,2";
				VALIDATE_PRODUCT = YES;
			};
			name = Release;
		};
		1192F3411DEB4927002EE4E2 /* Debug */ = {
			isa = XCBuildConfiguration;
			baseConfigurationReference = C29647DAA8DCB4F5C6D590AF /* Pods-WeatherApp.debug.xcconfig */;
			buildSettings = {
				ALWAYS_EMBED_SWIFT_STANDARD_LIBRARIES = YES;
				ASSETCATALOG_COMPILER_APPICON_NAME = AppIcon;
				DEVELOPMENT_TEAM = TDFXWLD7DJ;
				INFOPLIST_FILE = WeatherApp/Info.plist;
				LD_RUNPATH_SEARCH_PATHS = "$(inherited) @executable_path/Frameworks";
				PRODUCT_BUNDLE_IDENTIFIER = com.electricchance.WeatherApp;
				PRODUCT_NAME = "$(TARGET_NAME)";
				SWIFT_VERSION = 3.0;
			};
			name = Debug;
		};
		1192F3421DEB4927002EE4E2 /* Release */ = {
			isa = XCBuildConfiguration;
			baseConfigurationReference = C3EA0A5B4A3EA6383D90D16E /* Pods-WeatherApp.release.xcconfig */;
			buildSettings = {
				ALWAYS_EMBED_SWIFT_STANDARD_LIBRARIES = YES;
				ASSETCATALOG_COMPILER_APPICON_NAME = AppIcon;
				DEVELOPMENT_TEAM = TDFXWLD7DJ;
				INFOPLIST_FILE = WeatherApp/Info.plist;
				LD_RUNPATH_SEARCH_PATHS = "$(inherited) @executable_path/Frameworks";
				PRODUCT_BUNDLE_IDENTIFIER = com.electricchance.WeatherApp;
				PRODUCT_NAME = "$(TARGET_NAME)";
				SWIFT_VERSION = 3.0;
			};
			name = Release;
		};
/* End XCBuildConfiguration section */

/* Begin XCConfigurationList section */
		1192F3291DEB4926002EE4E2 /* Build configuration list for PBXProject "WeatherApp" */ = {
			isa = XCConfigurationList;
			buildConfigurations = (
				1192F33E1DEB4927002EE4E2 /* Debug */,
				1192F33F1DEB4927002EE4E2 /* Release */,
			);
			defaultConfigurationIsVisible = 0;
			defaultConfigurationName = Release;
		};
		1192F3401DEB4927002EE4E2 /* Build configuration list for PBXNativeTarget "WeatherApp" */ = {
			isa = XCConfigurationList;
			buildConfigurations = (
				1192F3411DEB4927002EE4E2 /* Debug */,
				1192F3421DEB4927002EE4E2 /* Release */,
			);
			defaultConfigurationIsVisible = 0;
			defaultConfigurationName = Release;
		};
/* End XCConfigurationList section */
	};
	rootObject = 1192F3261DEB4926002EE4E2 /* Project object */;
}
